PODS:
  - SQLite.swift (0.11.3):
    - SQLite.swift/standard (= 0.11.3)
  - SQLite.swift/standard (0.11.3)

DEPENDENCIES:
  - SQLite.swift (~> 0.11.3)

SPEC CHECKSUMS:
  SQLite.swift: 99b36c22084427f0abbeb957556ce1528cf10bb3

PODFILE CHECKSUM: 272c7efb4bf14124d00d42a2ad99f807baca74ce

COCOAPODS: 1.2.0
