// !$*UTF8*$!
{
	archiveVersion = 1;
	classes = {
	};
	objectVersion = 46;
	objects = {

/* Begin PBXBuildFile section */
		84C942131E6BF1C800DD90C6 /* AppDelegate.swift in Sources */ = {isa = PBXBuildFile; fileRef = 84C942121E6BF1C800DD90C6 /* AppDelegate.swift */; };
		84C942151E6BF1C800DD90C6 /* ViewController.swift in Sources */ = {isa = PBXBuildFile; fileRef = 84C942141E6BF1C800DD90C6 /* ViewController.swift */; };
		84C942181E6BF1C800DD90C6 /* Main.storyboard in Resources */ = {isa = PBXBuildFile; fileRef = 84C942161E6BF1C800DD90C6 /* Main.storyboard */; };
		84C9421A1E6BF1C800DD90C6 /* Assets.xcassets in Resources */ = {isa = PBXBuildFile; fileRef = 84C942191E6BF1C800DD90C6 /* Assets.xcassets */; };
		84C9421D1E6BF1C800DD90C6 /* LaunchScreen.storyboard in Resources */ = {isa = PBXBuildFile; fileRef = 84C9421B1E6BF1C800DD90C6 /* LaunchScreen.storyboard */; };
/* End PBXBuildFile section */

/* Begin PBXFileReference section */
		84C9420F1E6BF1C800DD90C6 /* 03_tips_calc_slider.app */ = {isa = PBXFileReference; explicitFileType = wrapper.application; includeInIndex = 0; path = 03_tips_calc_slider.app; sourceTree = BUILT_PRODUCTS_DIR; };
		84C942121E6BF1C800DD90C6 /* AppDelegate.swift */ = {isa = PBXFileReference; lastKnownFileType = sourcecode.swift; path = AppDelegate.swift; sourceTree = "<group>"; };
		84C942141E6BF1C800DD90C6 /* ViewController.swift */ = {isa = PBXFileReference; lastKnownFileType = sourcecode.swift; path = ViewController.swift; sourceTree = "<group>"; };
		84C942171E6BF1C800DD90C6 /* Base */ = {isa = PBXFileReference; lastKnownFileType = file.storyboard; name = Base; path = Base.lproj/Main.storyboard; sourceTree = "<group>"; };
		84C942191E6BF1C800DD90C6 /* Assets.xcassets */ = {isa = PBXFileReference; lastKnownFileType = folder.assetcatalog; path = Assets.xcassets; sourceTree = "<group>"; };
		84C9421C1E6BF1C800DD90C6 /* Base */ = {isa = PBXFileReference; lastKnownFileType = file.storyboard; name = Base; path = Base.lproj/LaunchScreen.storyboard; sourceTree = "<group>"; };
		84C9421E1E6BF1C800DD90C6 /* Info.plist */ = {isa = PBXFileReference; lastKnownFileType = text.plist.xml; path = Info.plist; sourceTree = "<group>"; };
/* End PBXFileReference section */

/* Begin PBXFrameworksBuildPhase section */
		84C9420C1E6BF1C700DD90C6 /* Frameworks */ = {
			isa = PBXFrameworksBuildPhase;
			buildActionMask = 2147483647;
			files = (
			);
			runOnlyForDeploymentPostprocessing = 0;
		};
/* End PBXFrameworksBuildPhase section */

/* Begin PBXGroup section */
		84C942061E6BF1C700DD90C6 = {
			isa = PBXGroup;
			children = (
				84C942111E6BF1C800DD90C6 /* 03_tips_calc_slider */,
				84C942101E6BF1C800DD90C6 /* Products */,
			);
			sourceTree = "<group>";
		};
		84C942101E6BF1C800DD90C6 /* Products */ = {
			isa = PBXGroup;
			children = (
				84C9420F1E6BF1C800DD90C6 /* 03_tips_calc_slider.app */,
			);
			name = Products;
			sourceTree = "<group>";
		};
		84C942111E6BF1C800DD90C6 /* 03_tips_calc_slider */ = {
			isa = PBXGroup;
			children = (
				84C942121E6BF1C800DD90C6 /* AppDelegate.swift */,
				84C942141E6BF1C800DD90C6 /* ViewController.swift */,
				84C942161E6BF1C800DD90C6 /* Main.storyboard */,
				84C942191E6BF1C800DD90C6 /* Assets.xcassets */,
				84C9421B1E6BF1C800DD90C6 /* LaunchScreen.storyboard */,
				84C9421E1E6BF1C800DD90C6 /* Info.plist */,
			);
			path = 03_tips_calc_slider;
			sourceTree = "<group>";
		};
/* End PBXGroup section */

/* Begin PBXNativeTarget section */
		84C9420E1E6BF1C700DD90C6 /* 03_tips_calc_slider */ = {
			isa = PBXNativeTarget;
			buildConfigurationList = 84C942211E6BF1C800DD90C6 /* Build configuration list for PBXNativeTarget "03_tips_calc_slider" */;
			buildPhases = (
				84C9420B1E6BF1C700DD90C6 /* Sources */,
				84C9420C1E6BF1C700DD90C6 /* Frameworks */,
				84C9420D1E6BF1C700DD90C6 /* Resources */,
			);
			buildRules = (
			);
			dependencies = (
			);
			name = 03_tips_calc_slider;
			productName = 03_tips_calc_slider;
			productReference = 84C9420F1E6BF1C800DD90C6 /* 03_tips_calc_slider.app */;
			productType = "com.apple.product-type.application";
		};
/* End PBXNativeTarget section */

/* Begin PBXProject section */
		84C942071E6BF1C700DD90C6 /* Project object */ = {
			isa = PBXProject;
			attributes = {
				LastSwiftUpdateCheck = 0820;
				LastUpgradeCheck = 0820;
				ORGANIZATIONNAME = c4idiots;
				TargetAttributes = {
					84C9420E1E6BF1C700DD90C6 = {
						CreatedOnToolsVersion = 8.2.1;
						ProvisioningStyle = Automatic;
					};
				};
			};
			buildConfigurationList = 84C9420A1E6BF1C700DD90C6 /* Build configuration list for PBXProject "03_tips_calc_slider" */;
			compatibilityVersion = "Xcode 3.2";
			developmentRegion = English;
			hasScannedForEncodings = 0;
			knownRegions = (
				en,
				Base,
			);
			mainGroup = 84C942061E6BF1C700DD90C6;
			productRefGroup = 84C942101E6BF1C800DD90C6 /* Products */;
			projectDirPath = "";
			projectRoot = "";
			targets = (
				84C9420E1E6BF1C700DD90C6 /* 03_tips_calc_slider */,
			);
		};
/* End PBXProject section */

/* Begin PBXResourcesBuildPhase section */
		84C9420D1E6BF1C700DD90C6 /* Resources */ = {
			isa = PBXResourcesBuildPhase;
			buildActionMask = 2147483647;
			files = (
				84C9421D1E6BF1C800DD90C6 /* LaunchScreen.storyboard in Resources */,
				84C9421A1E6BF1C800DD90C6 /* Assets.xcassets in Resources */,
				84C942181E6BF1C800DD90C6 /* Main.storyboard in Resources */,
			);
			runOnlyForDeploymentPostprocessing = 0;
		};
/* End PBXResourcesBuildPhase section */

/* Begin PBXSourcesBuildPhase section */
		84C9420B1E6BF1C700DD90C6 /* Sources */ = {
			isa = PBXSourcesBuildPhase;
			buildActionMask = 2147483647;
			files = (
				84C942151E6BF1C800DD90C6 /* ViewController.swift in Sources */,
				84C942131E6BF1C800DD90C6 /* AppDelegate.swift in Sources */,
			);
			runOnlyForDeploymentPostprocessing = 0;
		};
/* End PBXSourcesBuildPhase section */

/* Begin PBXVariantGroup section */
		84C942161E6BF1C800DD90C6 /* Main.storyboard */ = {
			isa = PBXVariantGroup;
			children = (
				84C942171E6BF1C800DD90C6 /* Base */,
			);
			name = Main.storyboard;
			sourceTree = "<group>";
		};
		84C9421B1E6BF1C800DD90C6 /* LaunchScreen.storyboard */ = {
			isa = PBXVariantGroup;
			children = (
				84C9421C1E6BF1C800DD90C6 /* Base */,
			);
			name = LaunchScreen.storyboard;
			sourceTree = "<group>";
		};
/* End PBXVariantGroup section */

/* Begin XCBuildConfiguration section */
		84C9421F1E6BF1C800DD90C6 /* Debug */ = {
			isa = XCBuildConfiguration;
			buildSettings = {
				ALWAYS_SEARCH_USER_PATHS = NO;
				CLANG_ANALYZER_NONNULL = YES;
				CLANG_CXX_LANGUAGE_STANDARD = "gnu++0x";
				CLANG_CXX_LIBRARY = "libc++";
				CLANG_ENABLE_MODULES = YES;
				CLANG_ENABLE_OBJC_ARC = YES;
				CLANG_WARN_BOOL_CONVERSION = YES;
				CLANG_WARN_CONSTANT_CONVERSION = YES;
				CLANG_WARN_DIRECT_OBJC_ISA_USAGE = YES_ERROR;
				CLANG_WARN_DOCUMENTATION_COMMENTS = YES;
				CLANG_WARN_EMPTY_BODY = YES;
				CLANG_WARN_ENUM_CONVERSION = YES;
				CLANG_WARN_INFINITE_RECURSION = YES;
				CLANG_WARN_INT_CONVERSION = YES;
				CLANG_WARN_OBJC_ROOT_CLASS = YES_ERROR;
				CLANG_WARN_SUSPICIOUS_MOVE = YES;
				CLANG_WARN_UNREACHABLE_CODE = YES;
				CLANG_WARN__DUPLICATE_METHOD_MATCH = YES;
				"CODE_SIGN_IDENTITY[sdk=iphoneos*]" = "iPhone Developer";
				COPY_PHASE_STRIP = NO;
				DEBUG_INFORMATION_FORMAT = dwarf;
				ENABLE_STRICT_OBJC_MSGSEND = YES;
				ENABLE_TESTABILITY = YES;
				GCC_C_LANGUAGE_STANDARD = gnu99;
				GCC_DYNAMIC_NO_PIC = NO;
				GCC_NO_COMMON_BLOCKS = YES;
				GCC_OPTIMIZATION_LEVEL = 0;
				GCC_PREPROCESSOR_DEFINITIONS = (
					"DEBUG=1",
					"$(inherited)",
				);
				GCC_WARN_64_TO_32_BIT_CONVERSION = YES;
				GCC_WARN_ABOUT_RETURN_TYPE = YES_ERROR;
				GCC_WARN_UNDECLARED_SELECTOR = YES;
				GCC_WARN_UNINITIALIZED_AUTOS = YES_AGGRESSIVE;
				GCC_WARN_UNUSED_FUNCTION = YES;
				GCC_WARN_UNUSED_VARIABLE = YES;
				IPHONEOS_DEPLOYMENT_TARGET = 10.2;
				MTL_ENABLE_DEBUG_INFO = YES;
				ONLY_ACTIVE_ARCH = YES;
				SDKROOT = iphoneos;
				SWIFT_ACTIVE_COMPILATION_CONDITIONS = DEBUG;
				SWIFT_OPTIMIZATION_LEVEL = "-Onone";
			};
			name = Debug;
		};
		84C942201E6BF1C800DD90C6 /* Release */ = {
			isa = XCBuildConfiguration;
			buildSettings = {
				ALWAYS_SEARCH_USER_PATHS = NO;
				CLANG_ANALYZER_NONNULL = YES;
				CLANG_CXX_LANGUAGE_STANDARD = "gnu++0x";
				CLANG_CXX_LIBRARY = "libc++";
				CLANG_ENABLE_MODULES = YES;
				CLANG_ENABLE_OBJC_ARC = YES;
				CLANG_WARN_BOOL_CONVERSION = YES;
				CLANG_WARN_CONSTANT_CONVERSION = YES;
				CLANG_WARN_DIRECT_OBJC_ISA_USAGE = YES_ERROR;
				CLANG_WARN_DOCUMENTATION_COMMENTS = YES;
				CLANG_WARN_EMPTY_BODY = YES;
				CLANG_WARN_ENUM_CONVERSION = YES;
				CLANG_WARN_INFINITE_RECURSION = YES;
				CLANG_WARN_INT_CONVERSION = YES;
				CLANG_WARN_OBJC_ROOT_CLASS = YES_ERROR;
				CLANG_WARN_SUSPICIOUS_MOVE = YES;
				CLANG_WARN_UNREACHABLE_CODE = YES;
				CLANG_WARN__DUPLICATE_METHOD_MATCH = YES;
				"CODE_SIGN_IDENTITY[sdk=iphoneos*]" = "iPhone Developer";
				COPY_PHASE_STRIP = NO;
				DEBUG_INFORMATION_FORMAT = "dwarf-with-dsym";
				ENABLE_NS_ASSERTIONS = NO;
				ENABLE_STRICT_OBJC_MSGSEND = YES;
				GCC_C_LANGUAGE_STANDARD = gnu99;
				GCC_NO_COMMON_BLOCKS = YES;
				GCC_WARN_64_TO_32_BIT_CONVERSION = YES;
				GCC_WARN_ABOUT_RETURN_TYPE = YES_ERROR;
				GCC_WARN_UNDECLARED_SELECTOR = YES;
				GCC_WARN_UNINITIALIZED_AUTOS = YES_AGGRESSIVE;
				GCC_WARN_UNUSED_FUNCTION = YES;
				GCC_WARN_UNUSED_VARIABLE = YES;
				IPHONEOS_DEPLOYMENT_TARGET = 10.2;
				MTL_ENABLE_DEBUG_INFO = NO;
				SDKROOT = iphoneos;
				SWIFT_OPTIMIZATION_LEVEL = "-Owholemodule";
				VALIDATE_PRODUCT = YES;
			};
			name = Release;
		};
		84C942221E6BF1C800DD90C6 /* Debug */ = {
			isa = XCBuildConfiguration;
			buildSettings = {
				ASSETCATALOG_COMPILER_APPICON_NAME = AppIcon;
				INFOPLIST_FILE = 03_tips_calc_slider/Info.plist;
				LD_RUNPATH_SEARCH_PATHS = "$(inherited) @executable_path/Frameworks";
				PRODUCT_BUNDLE_IDENTIFIER = "c4idiots.boom.-3-tips-calc-slider";
				PRODUCT_NAME = "$(TARGET_NAME)";
				SWIFT_VERSION = 3.0;
			};
			name = Debug;
		};
		84C942231E6BF1C800DD90C6 /* Release */ = {
			isa = XCBuildConfiguration;
			buildSettings = {
				ASSETCATALOG_COMPILER_APPICON_NAME = AppIcon;
				INFOPLIST_FILE = 03_tips_calc_slider/Info.plist;
				LD_RUNPATH_SEARCH_PATHS = "$(inherited) @executable_path/Frameworks";
				PRODUCT_BUNDLE_IDENTIFIER = "c4idiots.boom.-3-tips-calc-slider";
				PRODUCT_NAME = "$(TARGET_NAME)";
				SWIFT_VERSION = 3.0;
			};
			name = Release;
		};
/* End XCBuildConfiguration section */

/* Begin XCConfigurationList section */
		84C9420A1E6BF1C700DD90C6 /* Build configuration list for PBXProject "03_tips_calc_slider" */ = {
			isa = XCConfigurationList;
			buildConfigurations = (
				84C9421F1E6BF1C800DD90C6 /* Debug */,
				84C942201E6BF1C800DD90C6 /* Release */,
			);
			defaultConfigurationIsVisible = 0;
			defaultConfigurationName = Release;
		};
		84C942211E6BF1C800DD90C6 /* Build configuration list for PBXNativeTarget "03_tips_calc_slider" */ = {
			isa = XCConfigurationList;
			buildConfigurations = (
				84C942221E6BF1C800DD90C6 /* Debug */,
				84C942231E6BF1C800DD90C6 /* Release */,
			);
			defaultConfigurationIsVisible = 0;
		};
/* End XCConfigurationList section */
	};
	rootObject = 84C942071E6BF1C700DD90C6 /* Project object */;
}
